{
    "_readme": [
        "This file locks the dependencies of your project to a known state",
        "Read more about it at https://getcomposer.org/doc/01-basic-usage.md#installing-dependencies",
        "This file is @generated automatically"
    ],
    "content-hash": "3b9234c009011269ac87a42d3a5f2022",
    "packages": [
        {
            "name": "driftingly/rector-laravel",
            "version": "0.27.0",
            "source": {
                "type": "git",
                "url": "https://github.com/driftingly/rector-laravel.git",
                "reference": "2a73790294cf302c2959bff16319e794280ddad0"
            },
            "dist": {
                "type": "zip",
                "url": "https://api.github.com/repos/driftingly/rector-laravel/zipball/2a73790294cf302c2959bff16319e794280ddad0",
                "reference": "2a73790294cf302c2959bff16319e794280ddad0",
                "shasum": ""
            },
            "require": {
                "php": "^7.2 || ^8.0"
            },
            "type": "rector-extension",
            "autoload": {
                "psr-4": {
                    "RectorLaravel\\": "src"
                }
            },
            "notification-url": "https://packagist.org/downloads/",
            "license": [
                "MIT"
            ],
            "description": "Rector upgrades rules for Laravel Framework",
            "support": {
                "issues": "https://github.com/driftingly/rector-laravel/issues",
                "source": "https://github.com/driftingly/rector-laravel/tree/0.27.0"
            },
            "time": "2024-01-03T23:40:50+00:00"
        },
        {
            "name": "phpstan/phpstan",
            "version": "2.1.x-dev",
            "source": {
                "type": "git",
                "url": "https://github.com/phpstan/phpstan.git",
                "reference": "c3f27ec99a396f2010c93c3997fbe310103bdd5e"
            },
            "dist": {
                "type": "zip",
                "url": "https://api.github.com/repos/phpstan/phpstan/zipball/c3f27ec99a396f2010c93c3997fbe310103bdd5e",
                "reference": "c3f27ec99a396f2010c93c3997fbe310103bdd5e",
                "shasum": ""
            },
            "require": {
                "php": "^7.4|^8.0"
            },
            "conflict": {
                "phpstan/phpstan-shim": "*"
            },
            "default-branch": true,
            "bin": [
                "phpstan",
                "phpstan.phar"
            ],
            "type": "library",
            "autoload": {
                "files": [
                    "bootstrap.php"
                ]
            },
            "notification-url": "https://packagist.org/downloads/",
            "license": [
                "MIT"
            ],
            "description": "PHPStan - PHP Static Analysis Tool",
            "keywords": [
                "dev",
                "static analysis"
            ],
            "support": {
                "docs": "https://phpstan.org/user-guide/getting-started",
                "forum": "https://github.com/phpstan/phpstan/discussions",
                "issues": "https://github.com/phpstan/phpstan/issues",
                "security": "https://github.com/phpstan/phpstan/security/policy",
                "source": "https://github.com/phpstan/phpstan-src"
            },
            "funding": [
                {
                    "url": "https://github.com/ondrejmirtes",
                    "type": "github"
                },
                {
                    "url": "https://github.com/phpstan",
                    "type": "github"
                }
            ],
            "time": "2025-05-28T09:11:26+00:00"
        },
        {
            "name": "rector/rector",
            "version": "dev-main",
            "source": {
                "type": "git",
                "url": "https://github.com/rectorphp/rector.git",
                "reference": "cc9443530f1765d1d2289bba85ab99ee5a033bbb"
            },
            "dist": {
                "type": "zip",
                "url": "https://api.github.com/repos/rectorphp/rector/zipball/cc9443530f1765d1d2289bba85ab99ee5a033bbb",
                "reference": "cc9443530f1765d1d2289bba85ab99ee5a033bbb",
                "shasum": ""
            },
            "require": {
                "php": "^7.4|^8.0",
                "phpstan/phpstan": "^2.1.17"
            },
            "conflict": {
                "rector/rector-doctrine": "*",
                "rector/rector-downgrade-php": "*",
                "rector/rector-phpunit": "*",
                "rector/rector-symfony": "*"
            },
            "suggest": {
                "ext-dom": "To manipulate phpunit.xml via the custom-rule command"
            },
            "default-branch": true,
            "bin": [
                "bin/rector"
            ],
            "type": "library",
            "autoload": {
                "files": [
                    "bootstrap.php"
                ]
            },
            "notification-url": "https://packagist.org/downloads/",
            "license": [
                "MIT"
            ],
            "description": "Instant Upgrade and Automated Refactoring of any PHP code",
            "keywords": [
                "automation",
                "dev",
                "migration",
                "refactoring"
            ],
            "support": {
                "issues": "https://github.com/rectorphp/rector/issues",
                "source": "https://github.com/rectorphp/rector/tree/main"
            },
            "funding": [
                {
                    "url": "https://github.com/tomasvotruba",
                    "type": "github"
                }
            ],
            "time": "2025-05-28T06:01:02+00:00"
        }
    ],
    "packages-dev": [],
    "aliases": [],
    "minimum-stability": "dev",
    "stability-flags": {
        "rector/rector": 20
    },
    "prefer-stable": false,
    "prefer-lowest": false,
    "platform": {},
    "platform-dev": {},
    "plugin-api-version": "2.6.0"
}
